// !$*UTF8*$!
{
	archiveVersion = 1;
	classes = {
	};
	objectVersion = 50;
	objects = {

/* Begin PBXBuildFile section */
		520C7A862341891E00A25128 /* AppDelegate.swift in Sources */ = {isa = PBXBuildFile; fileRef = 520C7A852341891E00A25128 /* AppDelegate.swift */; };
		520C7A882341891E00A25128 /* ViewController.swift in Sources */ = {isa = PBXBuildFile; fileRef = 520C7A872341891E00A25128 /* ViewController.swift */; };
		520C7A8B2341891E00A25128 /* Main.storyboard in Resources */ = {isa = PBXBuildFile; fileRef = 520C7A892341891E00A25128 /* Main.storyboard */; };
		520C7A8D2341892000A25128 /* Assets.xcassets in Resources */ = {isa = PBXBuildFile; fileRef = 520C7A8C2341892000A25128 /* Assets.xcassets */; };
		520C7A902341892000A25128 /* LaunchScreen.storyboard in Resources */ = {isa = PBXBuildFile; fileRef = 520C7A8E2341892000A25128 /* LaunchScreen.storyboard */; };
		520C7A9B2341892000A25128 /* CalisthenixTests.swift in Sources */ = {isa = PBXBuildFile; fileRef = 520C7A9A2341892000A25128 /* CalisthenixTests.swift */; };
		520C7AA62341892000A25128 /* CalisthenixUITests.swift in Sources */ = {isa = PBXBuildFile; fileRef = 520C7AA52341892000A25128 /* CalisthenixUITests.swift */; };
/* End PBXBuildFile section */

/* Begin PBXContainerItemProxy section */
		520C7A972341892000A25128 /* PBXContainerItemProxy */ = {
			isa = PBXContainerItemProxy;
			containerPortal = 520C7A7A2341891E00A25128 /* Project object */;
			proxyType = 1;
			remoteGlobalIDString = 520C7A812341891E00A25128;
			remoteInfo = Calisthenix;
		};
		520C7AA22341892000A25128 /* PBXContainerItemProxy */ = {
			isa = PBXContainerItemProxy;
			containerPortal = 520C7A7A2341891E00A25128 /* Project object */;
			proxyType = 1;
			remoteGlobalIDString = 520C7A812341891E00A25128;
			remoteInfo = Calisthenix;
		};
/* End PBXContainerItemProxy section */

/* Begin PBXFileReference section */
		520C7A822341891E00A25128 /* Calisthenix.app */ = {isa = PBXFileReference; explicitFileType = wrapper.application; includeInIndex = 0; path = Calisthenix.app; sourceTree = BUILT_PRODUCTS_DIR; };
		520C7A852341891E00A25128 /* AppDelegate.swift */ = {isa = PBXFileReference; lastKnownFileType = sourcecode.swift; path = AppDelegate.swift; sourceTree = "<group>"; };
		520C7A872341891E00A25128 /* ViewController.swift */ = {isa = PBXFileReference; lastKnownFileType = sourcecode.swift; path = ViewController.swift; sourceTree = "<group>"; };
		520C7A8A2341891E00A25128 /* Base */ = {isa = PBXFileReference; lastKnownFileType = file.storyboard; name = Base; path = Base.lproj/Main.storyboard; sourceTree = "<group>"; };
		520C7A8C2341892000A25128 /* Assets.xcassets */ = {isa = PBXFileReference; lastKnownFileType = folder.assetcatalog; path = Assets.xcassets; sourceTree = "<group>"; };
		520C7A8F2341892000A25128 /* Base */ = {isa = PBXFileReference; lastKnownFileType = file.storyboard; name = Base; path = Base.lproj/LaunchScreen.storyboard; sourceTree = "<group>"; };
		520C7A912341892000A25128 /* Info.plist */ = {isa = PBXFileReference; lastKnownFileType = text.plist.xml; path = Info.plist; sourceTree = "<group>"; };
		520C7A962341892000A25128 /* CalisthenixTests.xctest */ = {isa = PBXFileReference; explicitFileType = wrapper.cfbundle; includeInIndex = 0; path = CalisthenixTests.xctest; sourceTree = BUILT_PRODUCTS_DIR; };
		520C7A9A2341892000A25128 /* CalisthenixTests.swift */ = {isa = PBXFileReference; lastKnownFileType = sourcecode.swift; path = CalisthenixTests.swift; sourceTree = "<group>"; };
		520C7A9C2341892000A25128 /* Info.plist */ = {isa = PBXFileReference; lastKnownFileType = text.plist.xml; path = Info.plist; sourceTree = "<group>"; };
		520C7AA12341892000A25128 /* CalisthenixUITests.xctest */ = {isa = PBXFileReference; explicitFileType = wrapper.cfbundle; includeInIndex = 0; path = CalisthenixUITests.xctest; sourceTree = BUILT_PRODUCTS_DIR; };
		520C7AA52341892000A25128 /* CalisthenixUITests.swift */ = {isa = PBXFileReference; lastKnownFileType = sourcecode.swift; path = CalisthenixUITests.swift; sourceTree = "<group>"; };
		520C7AA72341892000A25128 /* Info.plist */ = {isa = PBXFileReference; lastKnownFileType = text.plist.xml; path = Info.plist; sourceTree = "<group>"; };
/* End PBXFileReference section */

/* Begin PBXFrameworksBuildPhase section */
		520C7A7F2341891E00A25128 /* Frameworks */ = {
			isa = PBXFrameworksBuildPhase;
			buildActionMask = 2147483647;
			files = (
			);
			runOnlyForDeploymentPostprocessing = 0;
		};
		520C7A932341892000A25128 /* Frameworks */ = {
			isa = PBXFrameworksBuildPhase;
			buildActionMask = 2147483647;
			files = (
			);
			runOnlyForDeploymentPostprocessing = 0;
		};
		520C7A9E2341892000A25128 /* Frameworks */ = {
			isa = PBXFrameworksBuildPhase;
			buildActionMask = 2147483647;
			files = (
			);
			runOnlyForDeploymentPostprocessing = 0;
		};
/* End PBXFrameworksBuildPhase section */

/* Begin PBXGroup section */
		520C7A792341891E00A25128 = {
			isa = PBXGroup;
			children = (
				520C7A842341891E00A25128 /* Calisthenix */,
				520C7A992341892000A25128 /* CalisthenixTests */,
				520C7AA42341892000A25128 /* CalisthenixUITests */,
				520C7A832341891E00A25128 /* Products */,
			);
			sourceTree = "<group>";
		};
		520C7A832341891E00A25128 /* Products */ = {
			isa = PBXGroup;
			children = (
				520C7A822341891E00A25128 /* Calisthenix.app */,
				520C7A962341892000A25128 /* CalisthenixTests.xctest */,
				520C7AA12341892000A25128 /* CalisthenixUITests.xctest */,
			);
			name = Products;
			sourceTree = "<group>";
		};
		520C7A842341891E00A25128 /* Calisthenix */ = {
			isa = PBXGroup;
			children = (
				520C7A852341891E00A25128 /* AppDelegate.swift */,
				520C7A872341891E00A25128 /* ViewController.swift */,
				520C7A892341891E00A25128 /* Main.storyboard */,
				520C7A8C2341892000A25128 /* Assets.xcassets */,
				520C7A8E2341892000A25128 /* LaunchScreen.storyboard */,
				520C7A912341892000A25128 /* Info.plist */,
			);
			path = Calisthenix;
			sourceTree = "<group>";
		};
		520C7A992341892000A25128 /* CalisthenixTests */ = {
			isa = PBXGroup;
			children = (
				520C7A9A2341892000A25128 /* CalisthenixTests.swift */,
				520C7A9C2341892000A25128 /* Info.plist */,
			);
			path = CalisthenixTests;
			sourceTree = "<group>";
		};
		520C7AA42341892000A25128 /* CalisthenixUITests */ = {
			isa = PBXGroup;
			children = (
				520C7AA52341892000A25128 /* CalisthenixUITests.swift */,
				520C7AA72341892000A25128 /* Info.plist */,
			);
			path = CalisthenixUITests;
			sourceTree = "<group>";
		};
/* End PBXGroup section */

/* Begin PBXNativeTarget section */
		520C7A812341891E00A25128 /* Calisthenix */ = {
			isa = PBXNativeTarget;
			buildConfigurationList = 520C7AAA2341892000A25128 /* Build configuration list for PBXNativeTarget "Calisthenix" */;
			buildPhases = (
				520C7A7E2341891E00A25128 /* Sources */,
				520C7A7F2341891E00A25128 /* Frameworks */,
				520C7A802341891E00A25128 /* Resources */,
			);
			buildRules = (
			);
			dependencies = (
			);
			name = Calisthenix;
			productName = Calisthenix;
			productReference = 520C7A822341891E00A25128 /* Calisthenix.app */;
			productType = "com.apple.product-type.application";
		};
		520C7A952341892000A25128 /* CalisthenixTests */ = {
			isa = PBXNativeTarget;
			buildConfigurationList = 520C7AAD2341892000A25128 /* Build configuration list for PBXNativeTarget "CalisthenixTests" */;
			buildPhases = (
				520C7A922341892000A25128 /* Sources */,
				520C7A932341892000A25128 /* Frameworks */,
				520C7A942341892000A25128 /* Resources */,
			);
			buildRules = (
			);
			dependencies = (
				520C7A982341892000A25128 /* PBXTargetDependency */,
			);
			name = CalisthenixTests;
			productName = CalisthenixTests;
			productReference = 520C7A962341892000A25128 /* CalisthenixTests.xctest */;
			productType = "com.apple.product-type.bundle.unit-test";
		};
		520C7AA02341892000A25128 /* CalisthenixUITests */ = {
			isa = PBXNativeTarget;
			buildConfigurationList = 520C7AB02341892000A25128 /* Build configuration list for PBXNativeTarget "CalisthenixUITests" */;
			buildPhases = (
				520C7A9D2341892000A25128 /* Sources */,
				520C7A9E2341892000A25128 /* Frameworks */,
				520C7A9F2341892000A25128 /* Resources */,
			);
			buildRules = (
			);
			dependencies = (
				520C7AA32341892000A25128 /* PBXTargetDependency */,
			);
			name = CalisthenixUITests;
			productName = CalisthenixUITests;
			productReference = 520C7AA12341892000A25128 /* CalisthenixUITests.xctest */;
			productType = "com.apple.product-type.bundle.ui-testing";
		};
/* End PBXNativeTarget section */

/* Begin PBXProject section */
		520C7A7A2341891E00A25128 /* Project object */ = {
			isa = PBXProject;
			attributes = {
				LastSwiftUpdateCheck = 1010;
				LastUpgradeCheck = 1010;
				ORGANIZATIONNAME = "Jigyasaa Sood";
				TargetAttributes = {
					520C7A812341891E00A25128 = {
						CreatedOnToolsVersion = 10.1;
					};
					520C7A952341892000A25128 = {
						CreatedOnToolsVersion = 10.1;
						TestTargetID = 520C7A812341891E00A25128;
					};
					520C7AA02341892000A25128 = {
						CreatedOnToolsVersion = 10.1;
						TestTargetID = 520C7A812341891E00A25128;
					};
				};
			};
			buildConfigurationList = 520C7A7D2341891E00A25128 /* Build configuration list for PBXProject "Calisthenix" */;
			compatibilityVersion = "Xcode 9.3";
			developmentRegion = en;
			hasScannedForEncodings = 0;
			knownRegions = (
				en,
				Base,
			);
			mainGroup = 520C7A792341891E00A25128;
			productRefGroup = 520C7A832341891E00A25128 /* Products */;
			projectDirPath = "";
			projectRoot = "";
			targets = (
				520C7A812341891E00A25128 /* Calisthenix */,
				520C7A952341892000A25128 /* CalisthenixTests */,
				520C7AA02341892000A25128 /* CalisthenixUITests */,
			);
		};
/* End PBXProject section */

/* Begin PBXResourcesBuildPhase section */
		520C7A802341891E00A25128 /* Resources */ = {
			isa = PBXResourcesBuildPhase;
			buildActionMask = 2147483647;
			files = (
				520C7A902341892000A25128 /* LaunchScreen.storyboard in Resources */,
				520C7A8D2341892000A25128 /* Assets.xcassets in Resources */,
				520C7A8B2341891E00A25128 /* Main.storyboard in Resources */,
			);
			runOnlyForDeploymentPostprocessing = 0;
		};
		520C7A942341892000A25128 /* Resources */ = {
			isa = PBXResourcesBuildPhase;
			buildActionMask = 2147483647;
			files = (
			);
			runOnlyForDeploymentPostprocessing = 0;
		};
		520C7A9F2341892000A25128 /* Resources */ = {
			isa = PBXResourcesBuildPhase;
			buildActionMask = 2147483647;
			files = (
			);
			runOnlyForDeploymentPostprocessing = 0;
		};
/* End PBXResourcesBuildPhase section */

/* Begin PBXSourcesBuildPhase section */
		520C7A7E2341891E00A25128 /* Sources */ = {
			isa = PBXSourcesBuildPhase;
			buildActionMask = 2147483647;
			files = (
				520C7A882341891E00A25128 /* ViewController.swift in Sources */,
				520C7A862341891E00A25128 /* AppDelegate.swift in Sources */,
			);
			runOnlyForDeploymentPostprocessing = 0;
		};
		520C7A922341892000A25128 /* Sources */ = {
			isa = PBXSourcesBuildPhase;
			buildActionMask = 2147483647;
			files = (
				520C7A9B2341892000A25128 /* CalisthenixTests.swift in Sources */,
			);
			runOnlyForDeploymentPostprocessing = 0;
		};
		520C7A9D2341892000A25128 /* Sources */ = {
			isa = PBXSourcesBuildPhase;
			buildActionMask = 2147483647;
			files = (
				520C7AA62341892000A25128 /* CalisthenixUITests.swift in Sources */,
			);
			runOnlyForDeploymentPostprocessing = 0;
		};
/* End PBXSourcesBuildPhase section */

/* Begin PBXTargetDependency section */
		520C7A982341892000A25128 /* PBXTargetDependency */ = {
			isa = PBXTargetDependency;
			target = 520C7A812341891E00A25128 /* Calisthenix */;
			targetProxy = 520C7A972341892000A25128 /* PBXContainerItemProxy */;
		};
		520C7AA32341892000A25128 /* PBXTargetDependency */ = {
			isa = PBXTargetDependency;
			target = 520C7A812341891E00A25128 /* Calisthenix */;
			targetProxy = 520C7AA22341892000A25128 /* PBXContainerItemProxy */;
		};
/* End PBXTargetDependency section */

/* Begin PBXVariantGroup section */
		520C7A892341891E00A25128 /* Main.storyboard */ = {
			isa = PBXVariantGroup;
			children = (
				520C7A8A2341891E00A25128 /* Base */,
			);
			name = Main.storyboard;
			sourceTree = "<group>";
		};
		520C7A8E2341892000A25128 /* LaunchScreen.storyboard */ = {
			isa = PBXVariantGroup;
			children = (
				520C7A8F2341892000A25128 /* Base */,
			);
			name = LaunchScreen.storyboard;
			sourceTree = "<group>";
		};
/* End PBXVariantGroup section */

/* Begin XCBuildConfiguration section */
		520C7AA82341892000A25128 /* Debug */ = {
			isa = XCBuildConfiguration;
			buildSettings = {
				ALWAYS_SEARCH_USER_PATHS = NO;
				CLANG_ANALYZER_NONNULL = YES;
				CLANG_ANALYZER_NUMBER_OBJECT_CONVERSION = YES_AGGRESSIVE;
				CLANG_CXX_LANGUAGE_STANDARD = "gnu++14";
				CLANG_CXX_LIBRARY = "libc++";
				CLANG_ENABLE_MODULES = YES;
				CLANG_ENABLE_OBJC_ARC = YES;
				CLANG_ENABLE_OBJC_WEAK = YES;
				CLANG_WARN_BLOCK_CAPTURE_AUTORELEASING = YES;
				CLANG_WARN_BOOL_CONVERSION = YES;
				CLANG_WARN_COMMA = YES;
				CLANG_WARN_CONSTANT_CONVERSION = YES;
				CLANG_WARN_DEPRECATED_OBJC_IMPLEMENTATIONS = YES;
				CLANG_WARN_DIRECT_OBJC_ISA_USAGE = YES_ERROR;
				CLANG_WARN_DOCUMENTATION_COMMENTS = YES;
				CLANG_WARN_EMPTY_BODY = YES;
				CLANG_WARN_ENUM_CONVERSION = YES;
				CLANG_WARN_INFINITE_RECURSION = YES;
				CLANG_WARN_INT_CONVERSION = YES;
				CLANG_WARN_NON_LITERAL_NULL_CONVERSION = YES;
				CLANG_WARN_OBJC_IMPLICIT_RETAIN_SELF = YES;
				CLANG_WARN_OBJC_LITERAL_CONVERSION = YES;
				CLANG_WARN_OBJC_ROOT_CLASS = YES_ERROR;
				CLANG_WARN_RANGE_LOOP_ANALYSIS = YES;
				CLANG_WARN_STRICT_PROTOTYPES = YES;
				CLANG_WARN_SUSPICIOUS_MOVE = YES;
				CLANG_WARN_UNGUARDED_AVAILABILITY = YES_AGGRESSIVE;
				CLANG_WARN_UNREACHABLE_CODE = YES;
				CLANG_WARN__DUPLICATE_METHOD_MATCH = YES;
				CODE_SIGN_IDENTITY = "iPhone Developer";
				COPY_PHASE_STRIP = NO;
				DEBUG_INFORMATION_FORMAT = dwarf;
				ENABLE_STRICT_OBJC_MSGSEND = YES;
				ENABLE_TESTABILITY = YES;
				GCC_C_LANGUAGE_STANDARD = gnu11;
				GCC_DYNAMIC_NO_PIC = NO;
				GCC_NO_COMMON_BLOCKS = YES;
				GCC_OPTIMIZATION_LEVEL = 0;
				GCC_PREPROCESSOR_DEFINITIONS = (
					"DEBUG=1",
					"$(inherited)",
				);
				GCC_WARN_64_TO_32_BIT_CONVERSION = YES;
				GCC_WARN_ABOUT_RETURN_TYPE = YES_ERROR;
				GCC_WARN_UNDECLARED_SELECTOR = YES;
				GCC_WARN_UNINITIALIZED_AUTOS = YES_AGGRESSIVE;
				GCC_WARN_UNUSED_FUNCTION = YES;
				GCC_WARN_UNUSED_VARIABLE = YES;
				IPHONEOS_DEPLOYMENT_TARGET = 12.1;
				MTL_ENABLE_DEBUG_INFO = INCLUDE_SOURCE;
				MTL_FAST_MATH = YES;
				ONLY_ACTIVE_ARCH = YES;
				SDKROOT = iphoneos;
				SWIFT_ACTIVE_COMPILATION_CONDITIONS = DEBUG;
				SWIFT_OPTIMIZATION_LEVEL = "-Onone";
			};
			name = Debug;
		};
		520C7AA92341892000A25128 /* Release */ = {
			isa = XCBuildConfiguration;
			buildSettings = {
				ALWAYS_SEARCH_USER_PATHS = NO;
				CLANG_ANALYZER_NONNULL = YES;
				CLANG_ANALYZER_NUMBER_OBJECT_CONVERSION = YES_AGGRESSIVE;
				CLANG_CXX_LANGUAGE_STANDARD = "gnu++14";
				CLANG_CXX_LIBRARY = "libc++";
				CLANG_ENABLE_MODULES = YES;
				CLANG_ENABLE_OBJC_ARC = YES;
				CLANG_ENABLE_OBJC_WEAK = YES;
				CLANG_WARN_BLOCK_CAPTURE_AUTORELEASING = YES;
				CLANG_WARN_BOOL_CONVERSION = YES;
				CLANG_WARN_COMMA = YES;
				CLANG_WARN_CONSTANT_CONVERSION = YES;
				CLANG_WARN_DEPRECATED_OBJC_IMPLEMENTATIONS = YES;
				CLANG_WARN_DIRECT_OBJC_ISA_USAGE = YES_ERROR;
				CLANG_WARN_DOCUMENTATION_COMMENTS = YES;
				CLANG_WARN_EMPTY_BODY = YES;
				CLANG_WARN_ENUM_CONVERSION = YES;
				CLANG_WARN_INFINITE_RECURSION = YES;
				CLANG_WARN_INT_CONVERSION = YES;
				CLANG_WARN_NON_LITERAL_NULL_CONVERSION = YES;
				CLANG_WARN_OBJC_IMPLICIT_RETAIN_SELF = YES;
				CLANG_WARN_OBJC_LITERAL_CONVERSION = YES;
				CLANG_WARN_OBJC_ROOT_CLASS = YES_ERROR;
				CLANG_WARN_RANGE_LOOP_ANALYSIS = YES;
				CLANG_WARN_STRICT_PROTOTYPES = YES;
				CLANG_WARN_SUSPICIOUS_MOVE = YES;
				CLANG_WARN_UNGUARDED_AVAILABILITY = YES_AGGRESSIVE;
				CLANG_WARN_UNREACHABLE_CODE = YES;
				CLANG_WARN__DUPLICATE_METHOD_MATCH = YES;
				CODE_SIGN_IDENTITY = "iPhone Developer";
				COPY_PHASE_STRIP = NO;
				DEBUG_INFORMATION_FORMAT = "dwarf-with-dsym";
				ENABLE_NS_ASSERTIONS = NO;
				ENABLE_STRICT_OBJC_MSGSEND = YES;
				GCC_C_LANGUAGE_STANDARD = gnu11;
				GCC_NO_COMMON_BLOCKS = YES;
				GCC_WARN_64_TO_32_BIT_CONVERSION = YES;
				GCC_WARN_ABOUT_RETURN_TYPE = YES_ERROR;
				GCC_WARN_UNDECLARED_SELECTOR = YES;
				GCC_WARN_UNINITIALIZED_AUTOS = YES_AGGRESSIVE;
				GCC_WARN_UNUSED_FUNCTION = YES;
				GCC_WARN_UNUSED_VARIABLE = YES;
				IPHONEOS_DEPLOYMENT_TARGET = 12.1;
				MTL_ENABLE_DEBUG_INFO = NO;
				MTL_FAST_MATH = YES;
				SDKROOT = iphoneos;
				SWIFT_COMPILATION_MODE = wholemodule;
				SWIFT_OPTIMIZATION_LEVEL = "-O";
				VALIDATE_PRODUCT = YES;
			};
			name = Release;
		};
		520C7AAB2341892000A25128 /* Debug */ = {
			isa = XCBuildConfiguration;
			buildSettings = {
				ASSETCATALOG_COMPILER_APPICON_NAME = AppIcon;
				CODE_SIGN_STYLE = Automatic;
				INFOPLIST_FILE = Calisthenix/Info.plist;
				LD_RUNPATH_SEARCH_PATHS = (
					"$(inherited)",
					"@executable_path/Frameworks",
				);
				PRODUCT_BUNDLE_IDENTIFIER = com.jigyasaasood.Calisthenix;
				PRODUCT_NAME = "$(TARGET_NAME)";
				SWIFT_VERSION = 4.2;
				TARGETED_DEVICE_FAMILY = "1,2";
			};
			name = Debug;
		};
		520C7AAC2341892000A25128 /* Release */ = {
			isa = XCBuildConfiguration;
			buildSettings = {
				ASSETCATALOG_COMPILER_APPICON_NAME = AppIcon;
				CODE_SIGN_STYLE = Automatic;
				INFOPLIST_FILE = Calisthenix/Info.plist;
				LD_RUNPATH_SEARCH_PATHS = (
					"$(inherited)",
					"@executable_path/Frameworks",
				);
				PRODUCT_BUNDLE_IDENTIFIER = com.jigyasaasood.Calisthenix;
				PRODUCT_NAME = "$(TARGET_NAME)";
				SWIFT_VERSION = 4.2;
				TARGETED_DEVICE_FAMILY = "1,2";
			};
			name = Release;
		};
		520C7AAE2341892000A25128 /* Debug */ = {
			isa = XCBuildConfiguration;
			buildSettings = {
				ALWAYS_EMBED_SWIFT_STANDARD_LIBRARIES = YES;
				BUNDLE_LOADER = "$(TEST_HOST)";
				CODE_SIGN_STYLE = Automatic;
				INFOPLIST_FILE = CalisthenixTests/Info.plist;
				LD_RUNPATH_SEARCH_PATHS = (
					"$(inherited)",
					"@executable_path/Frameworks",
					"@loader_path/Frameworks",
				);
				PRODUCT_BUNDLE_IDENTIFIER = com.jigyasaasood.CalisthenixTests;
				PRODUCT_NAME = "$(TARGET_NAME)";
				SWIFT_VERSION = 4.2;
				TARGETED_DEVICE_FAMILY = "1,2";
				TEST_HOST = "$(BUILT_PRODUCTS_DIR)/Calisthenix.app/Calisthenix";
			};
			name = Debug;
		};
		520C7AAF2341892000A25128 /* Release */ = {
			isa = XCBuildConfiguration;
			buildSettings = {
				ALWAYS_EMBED_SWIFT_STANDARD_LIBRARIES = YES;
				BUNDLE_LOADER = "$(TEST_HOST)";
				CODE_SIGN_STYLE = Automatic;
				INFOPLIST_FILE = CalisthenixTests/Info.plist;
				LD_RUNPATH_SEARCH_PATHS = (
					"$(inherited)",
					"@executable_path/Frameworks",
					"@loader_path/Frameworks",
				);
				PRODUCT_BUNDLE_IDENTIFIER = com.jigyasaasood.CalisthenixTests;
				PRODUCT_NAME = "$(TARGET_NAME)";
				SWIFT_VERSION = 4.2;
				TARGETED_DEVICE_FAMILY = "1,2";
				TEST_HOST = "$(BUILT_PRODUCTS_DIR)/Calisthenix.app/Calisthenix";
			};
			name = Release;
		};
		520C7AB12341892000A25128 /* Debug */ = {
			isa = XCBuildConfiguration;
			buildSettings = {
				ALWAYS_EMBED_SWIFT_STANDARD_LIBRARIES = YES;
				CODE_SIGN_STYLE = Automatic;
				INFOPLIST_FILE = CalisthenixUITests/Info.plist;
				LD_RUNPATH_SEARCH_PATHS = (
					"$(inherited)",
					"@executable_path/Frameworks",
					"@loader_path/Frameworks",
				);
				PRODUCT_BUNDLE_IDENTIFIER = com.jigyasaasood.CalisthenixUITests;
				PRODUCT_NAME = "$(TARGET_NAME)";
				SWIFT_VERSION = 4.2;
				TARGETED_DEVICE_FAMILY = "1,2";
				TEST_TARGET_NAME = Calisthenix;
			};
			name = Debug;
		};
		520C7AB22341892000A25128 /* Release */ = {
			isa = XCBuildConfiguration;
			buildSettings = {
				ALWAYS_EMBED_SWIFT_STANDARD_LIBRARIES = YES;
				CODE_SIGN_STYLE = Automatic;
				INFOPLIST_FILE = CalisthenixUITests/Info.plist;
				LD_RUNPATH_SEARCH_PATHS = (
					"$(inherited)",
					"@executable_path/Frameworks",
					"@loader_path/Frameworks",
				);
				PRODUCT_BUNDLE_IDENTIFIER = com.jigyasaasood.CalisthenixUITests;
				PRODUCT_NAME = "$(TARGET_NAME)";
				SWIFT_VERSION = 4.2;
				TARGETED_DEVICE_FAMILY = "1,2";
				TEST_TARGET_NAME = Calisthenix;
			};
			name = Release;
		};
/* End XCBuildConfiguration section */

/* Begin XCConfigurationList section */
		520C7A7D2341891E00A25128 /* Build configuration list for PBXProject "Calisthenix" */ = {
			isa = XCConfigurationList;
			buildConfigurations = (
				520C7AA82341892000A25128 /* Debug */,
				520C7AA92341892000A25128 /* Release */,
			);
			defaultConfigurationIsVisible = 0;
			defaultConfigurationName = Release;
		};
		520C7AAA2341892000A25128 /* Build configuration list for PBXNativeTarget "Calisthenix" */ = {
			isa = XCConfigurationList;
			buildConfigurations = (
				520C7AAB2341892000A25128 /* Debug */,
				520C7AAC2341892000A25128 /* Release */,
			);
			defaultConfigurationIsVisible = 0;
			defaultConfigurationName = Release;
		};
		520C7AAD2341892000A25128 /* Build configuration list for PBXNativeTarget "CalisthenixTests" */ = {
			isa = XCConfigurationList;
			buildConfigurations = (
				520C7AAE2341892000A25128 /* Debug */,
				520C7AAF2341892000A25128 /* Release */,
			);
			defaultConfigurationIsVisible = 0;
			defaultConfigurationName = Release;
		};
		520C7AB02341892000A25128 /* Build configuration list for PBXNativeTarget "CalisthenixUITests" */ = {
			isa = XCConfigurationList;
			buildConfigurations = (
				520C7AB12341892000A25128 /* Debug */,
				520C7AB22341892000A25128 /* Release */,
			);
			defaultConfigurationIsVisible = 0;
			defaultConfigurationName = Release;
		};
/* End XCConfigurationList section */
	};
	rootObject = 520C7A7A2341891E00A25128 /* Project object */;
}
